
Microsoft Visual Studio Solution File, Format Version 12.00
# Visual Studio Version 16
VisualStudioVersion = 16.0.29613.14
MinimumVisualStudioVersion = 10.0.40219.1
Project("{FAE04EC0-301F-11D3-BF4B-00C04F79EFBC}") = "pqin3.0", "pqin3.0\pqin3.0.csproj", "{4B27FA5B-52B9-4651-875A-92E9CBF616C6}"
EndProject
Project("{FAE04EC0-301F-11D3-BF4B-00C04F79EFBC}") = "ORMF", "ORMF\ORMF.csproj", "{87D6165E-23EF-4DE6-AE43-E647F05ACA90}"
EndProject
Global
	GlobalSection(SolutionConfigurationPlatforms) = preSolution
		Debug|Any CPU = Debug|Any CPU
		Release|Any CPU = Release|Any CPU
	EndGlobalSection
	GlobalSection(ProjectConfigurationPlatforms) = postSolution
		{4B27FA5B-52B9-4651-875A-92E9CBF616C6}.Debug|Any CPU.ActiveCfg = Debug|Any CPU
		{4B27FA5B-52B9-4651-875A-92E9CBF616C6}.Debug|Any CPU.Build.0 = Debug|Any CPU
		{4B27FA5B-52B9-4651-875A-92E9CBF616C6}.Release|Any CPU.ActiveCfg = Release|Any CPU
		{4B27FA5B-52B9-4651-875A-92E9CBF616C6}.Release|Any CPU.Build.0 = Release|Any CPU
		{87D6165E-23EF-4DE6-AE43-E647F05ACA90}.Debug|Any CPU.ActiveCfg = Debug|Any CPU
		{87D6165E-23EF-4DE6-AE43-E647F05ACA90}.Debug|Any CPU.Build.0 = Debug|Any CPU
		{87D6165E-23EF-4DE6-AE43-E647F05ACA90}.Release|Any CPU.ActiveCfg = Release|Any CPU
		{87D6165E-23EF-4DE6-AE43-E647F05ACA90}.Release|Any CPU.Build.0 = Release|Any CPU
	EndGlobalSection
	GlobalSection(SolutionProperties) = preSolution
		HideSolutionNode = FALSE
	EndGlobalSection
	GlobalSection(ExtensibilityGlobals) = postSolution
		SolutionGuid = {DD74E9A9-2200-4A10-919E-DAD1459FFC01}
	EndGlobalSection
EndGlobal
